
Microsoft Visual Studio Solution File, Format Version 12.00
# Visual Studio Version 17
VisualStudioVersion = 17.6.33712.159
MinimumVisualStudioVersion = 10.0.40219.1
Project("{9A19103F-16F7-4668-BE54-9A1E7A4F7556}") = "PhysicEngine", "PhysicEngine\PhysicEngine.csproj", "{37325451-9451-490B-B8BA-38605D0C85E3}"
EndProject
Project("{2150E333-8FDC-42A3-9474-1A3956D46DE8}") = "01_WpfControls", "01_WpfControls", "{A805D6BF-8E00-4910-8134-053483D7A351}"
EndProject
Project("{9A19103F-16F7-4668-BE54-9A1E7A4F7556}") = "WpfControls", "WpfControls\WpfControls.csproj", "{9E649FB5-9A84-413B-9294-815168EE6DDD}"
EndProject
Project("{9A19103F-16F7-4668-BE54-9A1E7A4F7556}") = "JsonHelper", "JsonHelper\JsonHelper.csproj", "{7D1AFC5C-4151-4328-B78A-C6F1DF430BE4}"
EndProject
Project("{2150E333-8FDC-42A3-9474-1A3956D46DE8}") = "02_RigidBodyPhysics", "02_RigidBodyPhysics", "{69723496-F7FC-4649-8583-3E4D772C9E0C}"
EndProject
Project("{9A19103F-16F7-4668-BE54-9A1E7A4F7556}") = "RigidBodyPhysics", "RigidBodyPhysics\RigidBodyPhysics.csproj", "{C4F9E823-286C-40C3-90AE-CA0DE72BDA5E}"
EndProject
Project("{9A19103F-16F7-4668-BE54-9A1E7A4F7556}") = "RigidBodyPhysics.UnitTests", "RigidBodyPhysics.UnitTests\RigidBodyPhysics.UnitTests.csproj", "{6FD4A7CF-481F-461F-9328-05636DF32E7C}"
EndProject
Project("{2150E333-8FDC-42A3-9474-1A3956D46DE8}") = "03_PhysicSceneEditor", "03_PhysicSceneEditor", "{7F229F23-FAA5-43F2-939C-6A90987569F3}"
EndProject
Project("{9A19103F-16F7-4668-BE54-9A1E7A4F7556}") = "PhysicSceneEditorControl", "PhysicSceneEditorControl\PhysicSceneEditorControl.csproj", "{D0533CB3-EBF0-4DB5-9D6A-5F3C232DFBD4}"
EndProject
Project("{9A19103F-16F7-4668-BE54-9A1E7A4F7556}") = "PhysicSceneSimulatorControl", "PhysicSceneSimulatorControl\PhysicSceneSimulatorControl.csproj", "{214C2F8F-AC04-407A-868F-8D0F01529E88}"
EndProject
Project("{2150E333-8FDC-42A3-9474-1A3956D46DE8}") = "04_AnimationAndTexture", "04_AnimationAndTexture", "{06D9DBCD-CEAF-4EF5-A6BE-0BD19774AD35}"
EndProject
Project("{2150E333-8FDC-42A3-9474-1A3956D46DE8}") = "KeyFrameEditor", "KeyFrameEditor", "{7B0950BC-7258-4F55-B4B8-5B3873EE738A}"
EndProject
Project("{9A19103F-16F7-4668-BE54-9A1E7A4F7556}") = "KeyFramePhysicImporter", "KeyFramePhysicImporter\KeyFramePhysicImporter.csproj", "{343EE6E0-E553-4D51-A19B-25D9F04BB217}"
EndProject
Project("{9A19103F-16F7-4668-BE54-9A1E7A4F7556}") = "KeyFrameGlobal", "KeyFrameGlobal\KeyFrameGlobal.csproj", "{43EBF7C1-860C-4513-80A1-A1F7D54AC3A4}"
EndProject
Project("{9A19103F-16F7-4668-BE54-9A1E7A4F7556}") = "KeyFrameEditorControl", "KeyFrameEditorControl\KeyFrameEditorControl.csproj", "{05579DF8-B26C-468F-ADD0-A3A65280FFB1}"
EndProject
Project("{2150E333-8FDC-42A3-9474-1A3956D46DE8}") = "KeyboardControl", "KeyboardControl", "{ACDF0C61-5C54-4E82-8BC9-A00D50020FCA}"
EndProject
Project("{9A19103F-16F7-4668-BE54-9A1E7A4F7556}") = "PhysicSceneKeyboardControl", "PhysicSceneKeyboardControl\PhysicSceneKeyboardControl.csproj", "{F3FAEB76-14ED-45A2-B0EA-AB4EA6CB7F86}"
EndProject
Project("{9A19103F-16F7-4668-BE54-9A1E7A4F7556}") = "KeyboardRecordAndPlay", "KeyboardRecordAndPlay\KeyboardRecordAndPlay.csproj", "{70603B9C-936B-4BD5-9AE3-8B0C77A21FF7}"
EndProject
Project("{2150E333-8FDC-42A3-9474-1A3956D46DE8}") = "TextureEditor", "TextureEditor", "{47F0C1D8-F4A1-47C2-816D-D2D738761F39}"
EndProject
Project("{9A19103F-16F7-4668-BE54-9A1E7A4F7556}") = "TextureEditorGlobal", "TextureEditorGlobal\TextureEditorGlobal.csproj", "{164F64E0-2360-4940-8A74-557DF238A3FA}"
EndProject
Project("{9A19103F-16F7-4668-BE54-9A1E7A4F7556}") = "PhysicSceneDrawing", "PhysicSceneDrawing\PhysicSceneDrawing.csproj", "{99323995-6549-4276-A8EB-AEAE7E7AD49A}"
EndProject
Project("{9A19103F-16F7-4668-BE54-9A1E7A4F7556}") = "TexturePhysicImporter", "TexturePhysicImporter\TexturePhysicImporter.csproj", "{A47D1294-30AB-42D8-A7CC-CA7C6B8E6430}"
EndProject
Project("{9A19103F-16F7-4668-BE54-9A1E7A4F7556}") = "TextureEditorControl", "TextureEditorControl\TextureEditorControl.csproj", "{6A9172BC-5E9F-470B-847B-A644E7878D54}"
EndProject
Project("{2150E333-8FDC-42A3-9474-1A3956D46DE8}") = "05_Leveleditor", "05_Leveleditor", "{725D1FCB-EB2C-4E0D-B16B-65B9ED294190}"
EndProject
Project("{9A19103F-16F7-4668-BE54-9A1E7A4F7556}") = "PhysicItemEditorControl", "PhysicItemEditorControl\PhysicItemEditorControl.csproj", "{6F9CA799-AC3B-42C1-8BA1-329C5EBB835A}"
EndProject
Project("{9A19103F-16F7-4668-BE54-9A1E7A4F7556}") = "LevelEditorGlobal", "LevelEditorGlobal\LevelEditorGlobal.csproj", "{60AD75D7-DFF2-476C-8978-2AB2CDEE92A7}"
EndProject
Project("{9A19103F-16F7-4668-BE54-9A1E7A4F7556}") = "LevelEditorControl", "LevelEditorControl\LevelEditorControl.csproj", "{378D3032-F681-4CB4-A2AA-4C76C06E4A0A}"
EndProject
Project("{9A19103F-16F7-4668-BE54-9A1E7A4F7556}") = "LevelToSimulatorConverter", "LevelToSimulatorConverter\LevelToSimulatorConverter.csproj", "{06E676D5-7E04-46A7-9296-909ADE12E141}"
EndProject
Project("{9A19103F-16F7-4668-BE54-9A1E7A4F7556}") = "Simulator", "Simulator\Simulator.csproj", "{32B48FF5-15CF-4DF9-A4C6-CE3E623BE285}"
EndProject
Project("{2150E333-8FDC-42A3-9474-1A3956D46DE8}") = "01_Global", "01_Global", "{94FAD22C-74D0-4561-9866-C9AF49AA07F3}"
EndProject
Project("{2150E333-8FDC-42A3-9474-1A3956D46DE8}") = "02_PhysicItemEditor", "02_PhysicItemEditor", "{437F7F44-C0B4-4A01-9107-1EADF6AEEBB7}"
EndProject
Project("{2150E333-8FDC-42A3-9474-1A3956D46DE8}") = "03_LevelToSimulator", "03_LevelToSimulator", "{41442F64-C90F-416E-8306-231DD05602A7}"
EndProject
Project("{2150E333-8FDC-42A3-9474-1A3956D46DE8}") = "04_Simulator", "04_Simulator", "{2D06D5DF-C36D-4D96-827B-63F466458D8A}"
EndProject
Project("{2150E333-8FDC-42A3-9474-1A3956D46DE8}") = "05_Editor", "05_Editor", "{BD5E9F72-D125-4229-B03F-7A5500EFCAB9}"
EndProject
Project("{9A19103F-16F7-4668-BE54-9A1E7A4F7556}") = "PhysicSceneTestbedControl", "PhysicSceneTestbedControl\PhysicSceneTestbedControl.csproj", "{DB4143C5-CB55-46F4-8925-0EA2B5235D8A}"
EndProject
Project("{2150E333-8FDC-42A3-9474-1A3956D46DE8}") = "Engine", "Engine", "{A5861A43-EF20-4C4F-AA64-200EFE194332}"
EndProject
Project("{2150E333-8FDC-42A3-9474-1A3956D46DE8}") = "DemoApplications", "DemoApplications", "{669C36C0-03F9-44C9-9916-4570F82D04BF}"
EndProject
Project("{2150E333-8FDC-42A3-9474-1A3956D46DE8}") = "Moonlander", "Moonlander", "{74AEBE41-FEE3-48A4-958E-C9C998EE9C3E}"
EndProject
Project("{9A19103F-16F7-4668-BE54-9A1E7A4F7556}") = "MoonlanderControl", "MoonlanderControl\MoonlanderControl.csproj", "{0F77E55F-91C1-4616-9AFD-DC992823F900}"
EndProject
Project("{2150E333-8FDC-42A3-9474-1A3956D46DE8}") = "Skijumper", "Skijumper", "{77FBCDDC-B4EF-4E80-9638-AD5DC2535F64}"
EndProject
Project("{9A19103F-16F7-4668-BE54-9A1E7A4F7556}") = "SkiJumperControl", "SkiJumperControl\SkiJumperControl.csproj", "{7FD0141F-17EF-4144-976D-9E8D7764E797}"
EndProject
Project("{2150E333-8FDC-42A3-9474-1A3956D46DE8}") = "06_SpriteEditor", "06_SpriteEditor", "{941D92E6-7C37-4B11-A2C6-32D02BD5BADB}"
EndProject
Project("{2150E333-8FDC-42A3-9474-1A3956D46DE8}") = "07_DynamicObjCreation", "07_DynamicObjCreation", "{CC236262-68A3-4CBE-BF7B-6D4578654894}"
EndProject
Project("{2150E333-8FDC-42A3-9474-1A3956D46DE8}") = "08_GameHelper", "08_GameHelper", "{4154455B-CEB1-438A-909B-74B067C61DCB}"
EndProject
Project("{9A19103F-16F7-4668-BE54-9A1E7A4F7556}") = "GameHelper", "GameHelper\GameHelper.csproj", "{2913AF84-0B08-454E-B812-30719DA6B42B}"
EndProject
Project("{9A19103F-16F7-4668-BE54-9A1E7A4F7556}") = "SpriteEditorControl", "SpriteEditorControl\SpriteEditorControl.csproj", "{D50248D4-4575-405F-92EF-C9C5AABCACB5}"
EndProject
Project("{2150E333-8FDC-42A3-9474-1A3956D46DE8}") = "Elma", "Elma", "{7F759A66-0531-4D38-8E23-142C7F7B7B4D}"
EndProject
Project("{9A19103F-16F7-4668-BE54-9A1E7A4F7556}") = "ElmaControl", "ElmaControl\ElmaControl.csproj", "{31298428-1216-4448-98D1-F5004BFF2359}"
EndProject
Project("{2150E333-8FDC-42A3-9474-1A3956D46DE8}") = "UnitTests", "UnitTests", "{C9FA9F69-890E-473D-BA57-E578D77B826F}"
EndProject
Project("{9A19103F-16F7-4668-BE54-9A1E7A4F7556}") = "DemoApplications.UnitTests", "DemoApplications.UnitTests\DemoApplications.UnitTests.csproj", "{3D5644F2-DAD1-49D8-90CC-8FC3F902A384}"
EndProject
Project("{9A19103F-16F7-4668-BE54-9A1E7A4F7556}") = "DynamicObjCreation", "DynamicObjCreation\DynamicObjCreation.csproj", "{90E2D585-F65A-438C-B530-2097C0D6BA4C}"
EndProject
Project("{9A19103F-16F7-4668-BE54-9A1E7A4F7556}") = "DynamicObjCreation.UnitTests", "DynamicObjCreation.UnitTests\DynamicObjCreation.UnitTests.csproj", "{ADCC49AB-6ED0-4835-924E-227F7542FB63}"
EndProject
Project("{2150E333-8FDC-42A3-9474-1A3956D46DE8}") = "Astroids", "Astroids", "{B42B567B-8130-43E3-9D75-69E4700DC8DB}"
EndProject
Project("{9A19103F-16F7-4668-BE54-9A1E7A4F7556}") = "AstroidsControl", "AstroidsControl\AstroidsControl.csproj", "{34A20188-A0B0-4C29-B746-3A0AE2249C56}"
EndProject
Project("{2150E333-8FDC-42A3-9474-1A3956D46DE8}") = "CarDrifter", "CarDrifter", "{368DF1F2-B0C4-4439-803B-5F80D45D08EF}"
EndProject
Project("{9A19103F-16F7-4668-BE54-9A1E7A4F7556}") = "CarDrifterControl", "CarDrifterControl\CarDrifterControl.csproj", "{3C8BC61E-F6DB-4FA5-9B21-E0C8C552E9F7}"
EndProject
Project("{2150E333-8FDC-42A3-9474-1A3956D46DE8}") = "BridgeBuilder", "BridgeBuilder", "{2C02456E-BD9B-4EDD-8171-991C883999E0}"
EndProject
Project("{9A19103F-16F7-4668-BE54-9A1E7A4F7556}") = "BridgeBuilderControl", "BridgeBuilderControl\BridgeBuilderControl.csproj", "{3B5BA0E1-2C77-4807-AFDA-50521DFBD8E5}"
EndProject
Project("{2150E333-8FDC-42A3-9474-1A3956D46DE8}") = "SpiderBox", "SpiderBox", "{3CD6E522-8949-4790-B819-43A36603A106}"
EndProject
Project("{FAE04EC0-301F-11D3-BF4B-00C04F79EFBC}") = "SpiderBoxControl", "SpiderBoxControl\SpiderBoxControl.csproj", "{7980060F-F3A0-48B9-B0E7-E705C32341F2}"
EndProject
Global
	GlobalSection(SolutionConfigurationPlatforms) = preSolution
		Debug|Any CPU = Debug|Any CPU
		Release|Any CPU = Release|Any CPU
	EndGlobalSection
	GlobalSection(ProjectConfigurationPlatforms) = postSolution
		{37325451-9451-490B-B8BA-38605D0C85E3}.Debug|Any CPU.ActiveCfg = Debug|Any CPU
		{37325451-9451-490B-B8BA-38605D0C85E3}.Debug|Any CPU.Build.0 = Debug|Any CPU
		{37325451-9451-490B-B8BA-38605D0C85E3}.Release|Any CPU.ActiveCfg = Release|Any CPU
		{37325451-9451-490B-B8BA-38605D0C85E3}.Release|Any CPU.Build.0 = Release|Any CPU
		{9E649FB5-9A84-413B-9294-815168EE6DDD}.Debug|Any CPU.ActiveCfg = Debug|Any CPU
		{9E649FB5-9A84-413B-9294-815168EE6DDD}.Debug|Any CPU.Build.0 = Debug|Any CPU
		{9E649FB5-9A84-413B-9294-815168EE6DDD}.Release|Any CPU.ActiveCfg = Release|Any CPU
		{9E649FB5-9A84-413B-9294-815168EE6DDD}.Release|Any CPU.Build.0 = Release|Any CPU
		{7D1AFC5C-4151-4328-B78A-C6F1DF430BE4}.Debug|Any CPU.ActiveCfg = Debug|Any CPU
		{7D1AFC5C-4151-4328-B78A-C6F1DF430BE4}.Debug|Any CPU.Build.0 = Debug|Any CPU
		{7D1AFC5C-4151-4328-B78A-C6F1DF430BE4}.Release|Any CPU.ActiveCfg = Release|Any CPU
		{7D1AFC5C-4151-4328-B78A-C6F1DF430BE4}.Release|Any CPU.Build.0 = Release|Any CPU
		{C4F9E823-286C-40C3-90AE-CA0DE72BDA5E}.Debug|Any CPU.ActiveCfg = Debug|Any CPU
		{C4F9E823-286C-40C3-90AE-CA0DE72BDA5E}.Debug|Any CPU.Build.0 = Debug|Any CPU
		{C4F9E823-286C-40C3-90AE-CA0DE72BDA5E}.Release|Any CPU.ActiveCfg = Release|Any CPU
		{C4F9E823-286C-40C3-90AE-CA0DE72BDA5E}.Release|Any CPU.Build.0 = Release|Any CPU
		{6FD4A7CF-481F-461F-9328-05636DF32E7C}.Debug|Any CPU.ActiveCfg = Debug|Any CPU
		{6FD4A7CF-481F-461F-9328-05636DF32E7C}.Debug|Any CPU.Build.0 = Debug|Any CPU
		{6FD4A7CF-481F-461F-9328-05636DF32E7C}.Release|Any CPU.ActiveCfg = Release|Any CPU
		{6FD4A7CF-481F-461F-9328-05636DF32E7C}.Release|Any CPU.Build.0 = Release|Any CPU
		{D0533CB3-EBF0-4DB5-9D6A-5F3C232DFBD4}.Debug|Any CPU.ActiveCfg = Debug|Any CPU
		{D0533CB3-EBF0-4DB5-9D6A-5F3C232DFBD4}.Debug|Any CPU.Build.0 = Debug|Any CPU
		{D0533CB3-EBF0-4DB5-9D6A-5F3C232DFBD4}.Release|Any CPU.ActiveCfg = Release|Any CPU
		{D0533CB3-EBF0-4DB5-9D6A-5F3C232DFBD4}.Release|Any CPU.Build.0 = Release|Any CPU
		{214C2F8F-AC04-407A-868F-8D0F01529E88}.Debug|Any CPU.ActiveCfg = Debug|Any CPU
		{214C2F8F-AC04-407A-868F-8D0F01529E88}.Debug|Any CPU.Build.0 = Debug|Any CPU
		{214C2F8F-AC04-407A-868F-8D0F01529E88}.Release|Any CPU.ActiveCfg = Release|Any CPU
		{214C2F8F-AC04-407A-868F-8D0F01529E88}.Release|Any CPU.Build.0 = Release|Any CPU
		{343EE6E0-E553-4D51-A19B-25D9F04BB217}.Debug|Any CPU.ActiveCfg = Debug|Any CPU
		{343EE6E0-E553-4D51-A19B-25D9F04BB217}.Debug|Any CPU.Build.0 = Debug|Any CPU
		{343EE6E0-E553-4D51-A19B-25D9F04BB217}.Release|Any CPU.ActiveCfg = Release|Any CPU
		{343EE6E0-E553-4D51-A19B-25D9F04BB217}.Release|Any CPU.Build.0 = Release|Any CPU
		{43EBF7C1-860C-4513-80A1-A1F7D54AC3A4}.Debug|Any CPU.ActiveCfg = Debug|Any CPU
		{43EBF7C1-860C-4513-80A1-A1F7D54AC3A4}.Debug|Any CPU.Build.0 = Debug|Any CPU
		{43EBF7C1-860C-4513-80A1-A1F7D54AC3A4}.Release|Any CPU.ActiveCfg = Release|Any CPU
		{43EBF7C1-860C-4513-80A1-A1F7D54AC3A4}.Release|Any CPU.Build.0 = Release|Any CPU
		{05579DF8-B26C-468F-ADD0-A3A65280FFB1}.Debug|Any CPU.ActiveCfg = Debug|Any CPU
		{05579DF8-B26C-468F-ADD0-A3A65280FFB1}.Debug|Any CPU.Build.0 = Debug|Any CPU
		{05579DF8-B26C-468F-ADD0-A3A65280FFB1}.Release|Any CPU.ActiveCfg = Release|Any CPU
		{05579DF8-B26C-468F-ADD0-A3A65280FFB1}.Release|Any CPU.Build.0 = Release|Any CPU
		{F3FAEB76-14ED-45A2-B0EA-AB4EA6CB7F86}.Debug|Any CPU.ActiveCfg = Debug|Any CPU
		{F3FAEB76-14ED-45A2-B0EA-AB4EA6CB7F86}.Debug|Any CPU.Build.0 = Debug|Any CPU
		{F3FAEB76-14ED-45A2-B0EA-AB4EA6CB7F86}.Release|Any CPU.ActiveCfg = Release|Any CPU
		{F3FAEB76-14ED-45A2-B0EA-AB4EA6CB7F86}.Release|Any CPU.Build.0 = Release|Any CPU
		{70603B9C-936B-4BD5-9AE3-8B0C77A21FF7}.Debug|Any CPU.ActiveCfg = Debug|Any CPU
		{70603B9C-936B-4BD5-9AE3-8B0C77A21FF7}.Debug|Any CPU.Build.0 = Debug|Any CPU
		{70603B9C-936B-4BD5-9AE3-8B0C77A21FF7}.Release|Any CPU.ActiveCfg = Release|Any CPU
		{70603B9C-936B-4BD5-9AE3-8B0C77A21FF7}.Release|Any CPU.Build.0 = Release|Any CPU
		{164F64E0-2360-4940-8A74-557DF238A3FA}.Debug|Any CPU.ActiveCfg = Debug|Any CPU
		{164F64E0-2360-4940-8A74-557DF238A3FA}.Debug|Any CPU.Build.0 = Debug|Any CPU
		{164F64E0-2360-4940-8A74-557DF238A3FA}.Release|Any CPU.ActiveCfg = Release|Any CPU
		{164F64E0-2360-4940-8A74-557DF238A3FA}.Release|Any CPU.Build.0 = Release|Any CPU
		{99323995-6549-4276-A8EB-AEAE7E7AD49A}.Debug|Any CPU.ActiveCfg = Debug|Any CPU
		{99323995-6549-4276-A8EB-AEAE7E7AD49A}.Debug|Any CPU.Build.0 = Debug|Any CPU
		{99323995-6549-4276-A8EB-AEAE7E7AD49A}.Release|Any CPU.ActiveCfg = Release|Any CPU
		{99323995-6549-4276-A8EB-AEAE7E7AD49A}.Release|Any CPU.Build.0 = Release|Any CPU
		{A47D1294-30AB-42D8-A7CC-CA7C6B8E6430}.Debug|Any CPU.ActiveCfg = Debug|Any CPU
		{A47D1294-30AB-42D8-A7CC-CA7C6B8E6430}.Debug|Any CPU.Build.0 = Debug|Any CPU
		{A47D1294-30AB-42D8-A7CC-CA7C6B8E6430}.Release|Any CPU.ActiveCfg = Release|Any CPU
		{A47D1294-30AB-42D8-A7CC-CA7C6B8E6430}.Release|Any CPU.Build.0 = Release|Any CPU
		{6A9172BC-5E9F-470B-847B-A644E7878D54}.Debug|Any CPU.ActiveCfg = Debug|Any CPU
		{6A9172BC-5E9F-470B-847B-A644E7878D54}.Debug|Any CPU.Build.0 = Debug|Any CPU
		{6A9172BC-5E9F-470B-847B-A644E7878D54}.Release|Any CPU.ActiveCfg = Release|Any CPU
		{6A9172BC-5E9F-470B-847B-A644E7878D54}.Release|Any CPU.Build.0 = Release|Any CPU
		{6F9CA799-AC3B-42C1-8BA1-329C5EBB835A}.Debug|Any CPU.ActiveCfg = Debug|Any CPU
		{6F9CA799-AC3B-42C1-8BA1-329C5EBB835A}.Debug|Any CPU.Build.0 = Debug|Any CPU
		{6F9CA799-AC3B-42C1-8BA1-329C5EBB835A}.Release|Any CPU.ActiveCfg = Release|Any CPU
		{6F9CA799-AC3B-42C1-8BA1-329C5EBB835A}.Release|Any CPU.Build.0 = Release|Any CPU
		{60AD75D7-DFF2-476C-8978-2AB2CDEE92A7}.Debug|Any CPU.ActiveCfg = Debug|Any CPU
		{60AD75D7-DFF2-476C-8978-2AB2CDEE92A7}.Debug|Any CPU.Build.0 = Debug|Any CPU
		{60AD75D7-DFF2-476C-8978-2AB2CDEE92A7}.Release|Any CPU.ActiveCfg = Release|Any CPU
		{60AD75D7-DFF2-476C-8978-2AB2CDEE92A7}.Release|Any CPU.Build.0 = Release|Any CPU
		{378D3032-F681-4CB4-A2AA-4C76C06E4A0A}.Debug|Any CPU.ActiveCfg = Debug|Any CPU
		{378D3032-F681-4CB4-A2AA-4C76C06E4A0A}.Debug|Any CPU.Build.0 = Debug|Any CPU
		{378D3032-F681-4CB4-A2AA-4C76C06E4A0A}.Release|Any CPU.ActiveCfg = Release|Any CPU
		{378D3032-F681-4CB4-A2AA-4C76C06E4A0A}.Release|Any CPU.Build.0 = Release|Any CPU
		{06E676D5-7E04-46A7-9296-909ADE12E141}.Debug|Any CPU.ActiveCfg = Debug|Any CPU
		{06E676D5-7E04-46A7-9296-909ADE12E141}.Debug|Any CPU.Build.0 = Debug|Any CPU
		{06E676D5-7E04-46A7-9296-909ADE12E141}.Release|Any CPU.ActiveCfg = Release|Any CPU
		{06E676D5-7E04-46A7-9296-909ADE12E141}.Release|Any CPU.Build.0 = Release|Any CPU
		{32B48FF5-15CF-4DF9-A4C6-CE3E623BE285}.Debug|Any CPU.ActiveCfg = Debug|Any CPU
		{32B48FF5-15CF-4DF9-A4C6-CE3E623BE285}.Debug|Any CPU.Build.0 = Debug|Any CPU
		{32B48FF5-15CF-4DF9-A4C6-CE3E623BE285}.Release|Any CPU.ActiveCfg = Release|Any CPU
		{32B48FF5-15CF-4DF9-A4C6-CE3E623BE285}.Release|Any CPU.Build.0 = Release|Any CPU
		{DB4143C5-CB55-46F4-8925-0EA2B5235D8A}.Debug|Any CPU.ActiveCfg = Debug|Any CPU
		{DB4143C5-CB55-46F4-8925-0EA2B5235D8A}.Debug|Any CPU.Build.0 = Debug|Any CPU
		{DB4143C5-CB55-46F4-8925-0EA2B5235D8A}.Release|Any CPU.ActiveCfg = Release|Any CPU
		{DB4143C5-CB55-46F4-8925-0EA2B5235D8A}.Release|Any CPU.Build.0 = Release|Any CPU
		{0F77E55F-91C1-4616-9AFD-DC992823F900}.Debug|Any CPU.ActiveCfg = Debug|Any CPU
		{0F77E55F-91C1-4616-9AFD-DC992823F900}.Debug|Any CPU.Build.0 = Debug|Any CPU
		{0F77E55F-91C1-4616-9AFD-DC992823F900}.Release|Any CPU.ActiveCfg = Release|Any CPU
		{0F77E55F-91C1-4616-9AFD-DC992823F900}.Release|Any CPU.Build.0 = Release|Any CPU
		{7FD0141F-17EF-4144-976D-9E8D7764E797}.Debug|Any CPU.ActiveCfg = Debug|Any CPU
		{7FD0141F-17EF-4144-976D-9E8D7764E797}.Debug|Any CPU.Build.0 = Debug|Any CPU
		{7FD0141F-17EF-4144-976D-9E8D7764E797}.Release|Any CPU.ActiveCfg = Release|Any CPU
		{7FD0141F-17EF-4144-976D-9E8D7764E797}.Release|Any CPU.Build.0 = Release|Any CPU
		{2913AF84-0B08-454E-B812-30719DA6B42B}.Debug|Any CPU.ActiveCfg = Debug|Any CPU
		{2913AF84-0B08-454E-B812-30719DA6B42B}.Debug|Any CPU.Build.0 = Debug|Any CPU
		{2913AF84-0B08-454E-B812-30719DA6B42B}.Release|Any CPU.ActiveCfg = Release|Any CPU
		{2913AF84-0B08-454E-B812-30719DA6B42B}.Release|Any CPU.Build.0 = Release|Any CPU
		{D50248D4-4575-405F-92EF-C9C5AABCACB5}.Debug|Any CPU.ActiveCfg = Debug|Any CPU
		{D50248D4-4575-405F-92EF-C9C5AABCACB5}.Debug|Any CPU.Build.0 = Debug|Any CPU
		{D50248D4-4575-405F-92EF-C9C5AABCACB5}.Release|Any CPU.ActiveCfg = Release|Any CPU
		{D50248D4-4575-405F-92EF-C9C5AABCACB5}.Release|Any CPU.Build.0 = Release|Any CPU
		{31298428-1216-4448-98D1-F5004BFF2359}.Debug|Any CPU.ActiveCfg = Debug|Any CPU
		{31298428-1216-4448-98D1-F5004BFF2359}.Debug|Any CPU.Build.0 = Debug|Any CPU
		{31298428-1216-4448-98D1-F5004BFF2359}.Release|Any CPU.ActiveCfg = Release|Any CPU
		{31298428-1216-4448-98D1-F5004BFF2359}.Release|Any CPU.Build.0 = Release|Any CPU
		{3D5644F2-DAD1-49D8-90CC-8FC3F902A384}.Debug|Any CPU.ActiveCfg = Debug|Any CPU
		{3D5644F2-DAD1-49D8-90CC-8FC3F902A384}.Debug|Any CPU.Build.0 = Debug|Any CPU
		{3D5644F2-DAD1-49D8-90CC-8FC3F902A384}.Release|Any CPU.ActiveCfg = Release|Any CPU
		{3D5644F2-DAD1-49D8-90CC-8FC3F902A384}.Release|Any CPU.Build.0 = Release|Any CPU
		{90E2D585-F65A-438C-B530-2097C0D6BA4C}.Debug|Any CPU.ActiveCfg = Debug|Any CPU
		{90E2D585-F65A-438C-B530-2097C0D6BA4C}.Debug|Any CPU.Build.0 = Debug|Any CPU
		{90E2D585-F65A-438C-B530-2097C0D6BA4C}.Release|Any CPU.ActiveCfg = Release|Any CPU
		{90E2D585-F65A-438C-B530-2097C0D6BA4C}.Release|Any CPU.Build.0 = Release|Any CPU
		{ADCC49AB-6ED0-4835-924E-227F7542FB63}.Debug|Any CPU.ActiveCfg = Debug|Any CPU
		{ADCC49AB-6ED0-4835-924E-227F7542FB63}.Debug|Any CPU.Build.0 = Debug|Any CPU
		{ADCC49AB-6ED0-4835-924E-227F7542FB63}.Release|Any CPU.ActiveCfg = Release|Any CPU
		{ADCC49AB-6ED0-4835-924E-227F7542FB63}.Release|Any CPU.Build.0 = Release|Any CPU
		{34A20188-A0B0-4C29-B746-3A0AE2249C56}.Debug|Any CPU.ActiveCfg = Debug|Any CPU
		{34A20188-A0B0-4C29-B746-3A0AE2249C56}.Debug|Any CPU.Build.0 = Debug|Any CPU
		{34A20188-A0B0-4C29-B746-3A0AE2249C56}.Release|Any CPU.ActiveCfg = Release|Any CPU
		{34A20188-A0B0-4C29-B746-3A0AE2249C56}.Release|Any CPU.Build.0 = Release|Any CPU
		{3C8BC61E-F6DB-4FA5-9B21-E0C8C552E9F7}.Debug|Any CPU.ActiveCfg = Debug|Any CPU
		{3C8BC61E-F6DB-4FA5-9B21-E0C8C552E9F7}.Debug|Any CPU.Build.0 = Debug|Any CPU
		{3C8BC61E-F6DB-4FA5-9B21-E0C8C552E9F7}.Release|Any CPU.ActiveCfg = Release|Any CPU
		{3C8BC61E-F6DB-4FA5-9B21-E0C8C552E9F7}.Release|Any CPU.Build.0 = Release|Any CPU
		{3B5BA0E1-2C77-4807-AFDA-50521DFBD8E5}.Debug|Any CPU.ActiveCfg = Debug|Any CPU
		{3B5BA0E1-2C77-4807-AFDA-50521DFBD8E5}.Debug|Any CPU.Build.0 = Debug|Any CPU
		{3B5BA0E1-2C77-4807-AFDA-50521DFBD8E5}.Release|Any CPU.ActiveCfg = Release|Any CPU
		{3B5BA0E1-2C77-4807-AFDA-50521DFBD8E5}.Release|Any CPU.Build.0 = Release|Any CPU
		{7980060F-F3A0-48B9-B0E7-E705C32341F2}.Debug|Any CPU.ActiveCfg = Debug|Any CPU
		{7980060F-F3A0-48B9-B0E7-E705C32341F2}.Debug|Any CPU.Build.0 = Debug|Any CPU
		{7980060F-F3A0-48B9-B0E7-E705C32341F2}.Release|Any CPU.ActiveCfg = Release|Any CPU
		{7980060F-F3A0-48B9-B0E7-E705C32341F2}.Release|Any CPU.Build.0 = Release|Any CPU
	EndGlobalSection
	GlobalSection(SolutionProperties) = preSolution
		HideSolutionNode = FALSE
	EndGlobalSection
	GlobalSection(NestedProjects) = preSolution
		{A805D6BF-8E00-4910-8134-053483D7A351} = {A5861A43-EF20-4C4F-AA64-200EFE194332}
		{9E649FB5-9A84-413B-9294-815168EE6DDD} = {A805D6BF-8E00-4910-8134-053483D7A351}
		{7D1AFC5C-4151-4328-B78A-C6F1DF430BE4} = {A805D6BF-8E00-4910-8134-053483D7A351}
		{69723496-F7FC-4649-8583-3E4D772C9E0C} = {A5861A43-EF20-4C4F-AA64-200EFE194332}
		{C4F9E823-286C-40C3-90AE-CA0DE72BDA5E} = {69723496-F7FC-4649-8583-3E4D772C9E0C}
		{6FD4A7CF-481F-461F-9328-05636DF32E7C} = {69723496-F7FC-4649-8583-3E4D772C9E0C}
		{7F229F23-FAA5-43F2-939C-6A90987569F3} = {A5861A43-EF20-4C4F-AA64-200EFE194332}
		{D0533CB3-EBF0-4DB5-9D6A-5F3C232DFBD4} = {7F229F23-FAA5-43F2-939C-6A90987569F3}
		{214C2F8F-AC04-407A-868F-8D0F01529E88} = {7F229F23-FAA5-43F2-939C-6A90987569F3}
		{06D9DBCD-CEAF-4EF5-A6BE-0BD19774AD35} = {A5861A43-EF20-4C4F-AA64-200EFE194332}
		{7B0950BC-7258-4F55-B4B8-5B3873EE738A} = {06D9DBCD-CEAF-4EF5-A6BE-0BD19774AD35}
		{343EE6E0-E553-4D51-A19B-25D9F04BB217} = {7B0950BC-7258-4F55-B4B8-5B3873EE738A}
		{43EBF7C1-860C-4513-80A1-A1F7D54AC3A4} = {7B0950BC-7258-4F55-B4B8-5B3873EE738A}
		{05579DF8-B26C-468F-ADD0-A3A65280FFB1} = {7B0950BC-7258-4F55-B4B8-5B3873EE738A}
		{ACDF0C61-5C54-4E82-8BC9-A00D50020FCA} = {06D9DBCD-CEAF-4EF5-A6BE-0BD19774AD35}
		{F3FAEB76-14ED-45A2-B0EA-AB4EA6CB7F86} = {ACDF0C61-5C54-4E82-8BC9-A00D50020FCA}
		{70603B9C-936B-4BD5-9AE3-8B0C77A21FF7} = {ACDF0C61-5C54-4E82-8BC9-A00D50020FCA}
		{47F0C1D8-F4A1-47C2-816D-D2D738761F39} = {06D9DBCD-CEAF-4EF5-A6BE-0BD19774AD35}
		{164F64E0-2360-4940-8A74-557DF238A3FA} = {47F0C1D8-F4A1-47C2-816D-D2D738761F39}
		{99323995-6549-4276-A8EB-AEAE7E7AD49A} = {47F0C1D8-F4A1-47C2-816D-D2D738761F39}
		{A47D1294-30AB-42D8-A7CC-CA7C6B8E6430} = {47F0C1D8-F4A1-47C2-816D-D2D738761F39}
		{6A9172BC-5E9F-470B-847B-A644E7878D54} = {47F0C1D8-F4A1-47C2-816D-D2D738761F39}
		{725D1FCB-EB2C-4E0D-B16B-65B9ED294190} = {A5861A43-EF20-4C4F-AA64-200EFE194332}
		{6F9CA799-AC3B-42C1-8BA1-329C5EBB835A} = {437F7F44-C0B4-4A01-9107-1EADF6AEEBB7}
		{60AD75D7-DFF2-476C-8978-2AB2CDEE92A7} = {94FAD22C-74D0-4561-9866-C9AF49AA07F3}
		{378D3032-F681-4CB4-A2AA-4C76C06E4A0A} = {BD5E9F72-D125-4229-B03F-7A5500EFCAB9}
		{06E676D5-7E04-46A7-9296-909ADE12E141} = {41442F64-C90F-416E-8306-231DD05602A7}
		{32B48FF5-15CF-4DF9-A4C6-CE3E623BE285} = {2D06D5DF-C36D-4D96-827B-63F466458D8A}
		{94FAD22C-74D0-4561-9866-C9AF49AA07F3} = {725D1FCB-EB2C-4E0D-B16B-65B9ED294190}
		{437F7F44-C0B4-4A01-9107-1EADF6AEEBB7} = {725D1FCB-EB2C-4E0D-B16B-65B9ED294190}
		{41442F64-C90F-416E-8306-231DD05602A7} = {725D1FCB-EB2C-4E0D-B16B-65B9ED294190}
		{2D06D5DF-C36D-4D96-827B-63F466458D8A} = {725D1FCB-EB2C-4E0D-B16B-65B9ED294190}
		{BD5E9F72-D125-4229-B03F-7A5500EFCAB9} = {725D1FCB-EB2C-4E0D-B16B-65B9ED294190}
		{DB4143C5-CB55-46F4-8925-0EA2B5235D8A} = {7F229F23-FAA5-43F2-939C-6A90987569F3}
		{74AEBE41-FEE3-48A4-958E-C9C998EE9C3E} = {669C36C0-03F9-44C9-9916-4570F82D04BF}
		{0F77E55F-91C1-4616-9AFD-DC992823F900} = {74AEBE41-FEE3-48A4-958E-C9C998EE9C3E}
		{77FBCDDC-B4EF-4E80-9638-AD5DC2535F64} = {669C36C0-03F9-44C9-9916-4570F82D04BF}
		{7FD0141F-17EF-4144-976D-9E8D7764E797} = {77FBCDDC-B4EF-4E80-9638-AD5DC2535F64}
		{941D92E6-7C37-4B11-A2C6-32D02BD5BADB} = {A5861A43-EF20-4C4F-AA64-200EFE194332}
		{CC236262-68A3-4CBE-BF7B-6D4578654894} = {A5861A43-EF20-4C4F-AA64-200EFE194332}
		{4154455B-CEB1-438A-909B-74B067C61DCB} = {A5861A43-EF20-4C4F-AA64-200EFE194332}
		{2913AF84-0B08-454E-B812-30719DA6B42B} = {4154455B-CEB1-438A-909B-74B067C61DCB}
		{D50248D4-4575-405F-92EF-C9C5AABCACB5} = {941D92E6-7C37-4B11-A2C6-32D02BD5BADB}
		{7F759A66-0531-4D38-8E23-142C7F7B7B4D} = {669C36C0-03F9-44C9-9916-4570F82D04BF}
		{31298428-1216-4448-98D1-F5004BFF2359} = {7F759A66-0531-4D38-8E23-142C7F7B7B4D}
		{C9FA9F69-890E-473D-BA57-E578D77B826F} = {669C36C0-03F9-44C9-9916-4570F82D04BF}
		{3D5644F2-DAD1-49D8-90CC-8FC3F902A384} = {C9FA9F69-890E-473D-BA57-E578D77B826F}
		{90E2D585-F65A-438C-B530-2097C0D6BA4C} = {CC236262-68A3-4CBE-BF7B-6D4578654894}
		{ADCC49AB-6ED0-4835-924E-227F7542FB63} = {CC236262-68A3-4CBE-BF7B-6D4578654894}
		{B42B567B-8130-43E3-9D75-69E4700DC8DB} = {669C36C0-03F9-44C9-9916-4570F82D04BF}
		{34A20188-A0B0-4C29-B746-3A0AE2249C56} = {B42B567B-8130-43E3-9D75-69E4700DC8DB}
		{368DF1F2-B0C4-4439-803B-5F80D45D08EF} = {669C36C0-03F9-44C9-9916-4570F82D04BF}
		{3C8BC61E-F6DB-4FA5-9B21-E0C8C552E9F7} = {368DF1F2-B0C4-4439-803B-5F80D45D08EF}
		{2C02456E-BD9B-4EDD-8171-991C883999E0} = {669C36C0-03F9-44C9-9916-4570F82D04BF}
		{3B5BA0E1-2C77-4807-AFDA-50521DFBD8E5} = {2C02456E-BD9B-4EDD-8171-991C883999E0}
		{3CD6E522-8949-4790-B819-43A36603A106} = {669C36C0-03F9-44C9-9916-4570F82D04BF}
		{7980060F-F3A0-48B9-B0E7-E705C32341F2} = {3CD6E522-8949-4790-B819-43A36603A106}
	EndGlobalSection
	GlobalSection(ExtensibilityGlobals) = postSolution
		SolutionGuid = {303CA1F7-831C-49AB-9EE1-BEBA7D82E68E}
	EndGlobalSection
EndGlobal
